github.com/rhuairahrighairidh/go-mod-test-common v0.3.1 h1:dDLVfUspM7//ysMSQcmJa937VrWJE0PpH9gGY0b81oM=
github.com/rhuairahrighairidh/go-mod-test-common v0.3.1/go.mod h1:aGuD8kQhhlHjtrB05EavACW7nUTBu7L1uuCLEMMYgoM=
github.com/rhuairahrighairidh/go-mod-test-common v0.4.0 h1:X50aWoKPGBdNzXximIdo44Fg9NsozxrsuRKor9VZI0E=
github.com/rhuairahrighairidh/go-mod-test-common v0.4.0/go.mod h1:aGuD8kQhhlHjtrB05EavACW7nUTBu7L1uuCLEMMYgoM=
